// !$*UTF8*$!
{
	archiveVersion = 1;
	classes = {
	};
	objectVersion = 56;
	objects = {

/* Begin PBXBuildFile section */
		063EB20C2A4F6DEE00975C79 /* DataProvider.framework in Frameworks */ = {isa = PBXBuildFile; fileRef = 063EB20B2A4F6DEE00975C79 /* DataProvider.framework */; };
		063EB20D2A4F6DEE00975C79 /* DataProvider.framework in Embed Frameworks */ = {isa = PBXBuildFile; fileRef = 063EB20B2A4F6DEE00975C79 /* DataProvider.framework */; settings = {ATTRIBUTES = (CodeSignOnCopy, RemoveHeadersOnCopy, ); }; };
		06480B112A5485B2000FE06A /* ArtistsViewModel.swift in Sources */ = {isa = PBXBuildFile; fileRef = 06480B102A5485B2000FE06A /* ArtistsViewModel.swift */; };
		06480B132A548633000FE06A /* ArtistsViewController.swift in Sources */ = {isa = PBXBuildFile; fileRef = 06480B122A548633000FE06A /* ArtistsViewController.swift */; };
		06480B152A548677000FE06A /* ArtistRouter.swift in Sources */ = {isa = PBXBuildFile; fileRef = 06480B142A548677000FE06A /* ArtistRouter.swift */; };
		0656E06D2A4B34CA00288E00 /* AppDelegate.swift in Sources */ = {isa = PBXBuildFile; fileRef = 0656E06C2A4B34CA00288E00 /* AppDelegate.swift */; };
		0656E0762A4B34CC00288E00 /* Assets.xcassets in Resources */ = {isa = PBXBuildFile; fileRef = 0656E0752A4B34CC00288E00 /* Assets.xcassets */; };
		0656E0792A4B34CC00288E00 /* LaunchScreen.storyboard in Resources */ = {isa = PBXBuildFile; fileRef = 0656E0772A4B34CC00288E00 /* LaunchScreen.storyboard */; };
		0656E0842A4B34CC00288E00 /* miniMusicAppTests.swift in Sources */ = {isa = PBXBuildFile; fileRef = 0656E0832A4B34CC00288E00 /* miniMusicAppTests.swift */; };
		0656E08E2A4B34CC00288E00 /* miniMusicAppUITests.swift in Sources */ = {isa = PBXBuildFile; fileRef = 0656E08D2A4B34CC00288E00 /* miniMusicAppUITests.swift */; };
		0656E0902A4B34CC00288E00 /* miniMusicAppUITestsLaunchTests.swift in Sources */ = {isa = PBXBuildFile; fileRef = 0656E08F2A4B34CC00288E00 /* miniMusicAppUITestsLaunchTests.swift */; };
		0656E09E2A4B570A00288E00 /* AppContainer.swift in Sources */ = {isa = PBXBuildFile; fileRef = 0656E09D2A4B570A00288E00 /* AppContainer.swift */; };
		0656E0A02A4B571700288E00 /* AppRouter.swift in Sources */ = {isa = PBXBuildFile; fileRef = 0656E09F2A4B571700288E00 /* AppRouter.swift */; };
		0656E0A62A4B678200288E00 /* BaseViewModel.swift in Sources */ = {isa = PBXBuildFile; fileRef = 0656E0A52A4B678200288E00 /* BaseViewModel.swift */; };
		0656E0A92A4B67D800288E00 /* Closures.swift in Sources */ = {isa = PBXBuildFile; fileRef = 0656E0A82A4B67D800288E00 /* Closures.swift */; };
		0656E0AB2A4B680D00288E00 /* BaseViewController.swift in Sources */ = {isa = PBXBuildFile; fileRef = 0656E0AA2A4B680D00288E00 /* BaseViewController.swift */; };
		0656E0AE2A4B6BE700288E00 /* SplashViewModel.swift in Sources */ = {isa = PBXBuildFile; fileRef = 0656E0AD2A4B6BE700288E00 /* SplashViewModel.swift */; };
		0656E0B02A4B6BF300288E00 /* SplashViewController.swift in Sources */ = {isa = PBXBuildFile; fileRef = 0656E0AF2A4B6BF300288E00 /* SplashViewController.swift */; };
		0656E0B22A4B6D9000288E00 /* SplashRouter.swift in Sources */ = {isa = PBXBuildFile; fileRef = 0656E0B12A4B6D9000288E00 /* SplashRouter.swift */; };
		0656E0B52A4B728100288E00 /* CategoriesViewModel.swift in Sources */ = {isa = PBXBuildFile; fileRef = 0656E0B42A4B728100288E00 /* CategoriesViewModel.swift */; };
		0656E0B72A4B731000288E00 /* CategoriesViewController.swift in Sources */ = {isa = PBXBuildFile; fileRef = 0656E0B62A4B731000288E00 /* CategoriesViewController.swift */; };
		0656E0B92A4B73DD00288E00 /* CategoriesRouter.swift in Sources */ = {isa = PBXBuildFile; fileRef = 0656E0B82A4B73DD00288E00 /* CategoriesRouter.swift */; };
		0656E0DF2A4B76DE00288E00 /* UIComponents.framework in Frameworks */ = {isa = PBXBuildFile; fileRef = 0656E0DE2A4B76DE00288E00 /* UIComponents.framework */; };
		0656E0E02A4B76DE00288E00 /* UIComponents.framework in Embed Frameworks */ = {isa = PBXBuildFile; fileRef = 0656E0DE2A4B76DE00288E00 /* UIComponents.framework */; settings = {ATTRIBUTES = (CodeSignOnCopy, RemoveHeadersOnCopy, ); }; };
		0656E0E92A4CBA1F00288E00 /* splash.json in Resources */ = {isa = PBXBuildFile; fileRef = 0656E0E82A4CBA1F00288E00 /* splash.json */; };
		0656E0EB2A4CC61800288E00 /* loading.json in Resources */ = {isa = PBXBuildFile; fileRef = 0656E0EA2A4CC61800288E00 /* loading.json */; };
		065DDD092A4DCC9600C861AA /* FavoritesViewController.swift in Sources */ = {isa = PBXBuildFile; fileRef = 065DDD082A4DCC9600C861AA /* FavoritesViewController.swift */; };
		065DDD0B2A4DCCA100C861AA /* FavoritesViewModel.swift in Sources */ = {isa = PBXBuildFile; fileRef = 065DDD0A2A4DCCA100C861AA /* FavoritesViewModel.swift */; };
		065DDD0D2A4DCCAB00C861AA /* FavoritesRouter.swift in Sources */ = {isa = PBXBuildFile; fileRef = 065DDD0C2A4DCCAB00C861AA /* FavoritesRouter.swift */; };
		06666AA82A59F8E900E3DFE5 /* ArtistDetailViewModel.swift in Sources */ = {isa = PBXBuildFile; fileRef = 06666AA72A59F8E900E3DFE5 /* ArtistDetailViewModel.swift */; };
		06666AAA2A59F8F400E3DFE5 /* ArtistDetailViewController.swift in Sources */ = {isa = PBXBuildFile; fileRef = 06666AA92A59F8F400E3DFE5 /* ArtistDetailViewController.swift */; };
		06666AAC2A59F90F00E3DFE5 /* ArtistDetailRouter.swift in Sources */ = {isa = PBXBuildFile; fileRef = 06666AAB2A59F90F00E3DFE5 /* ArtistDetailRouter.swift */; };
		06D7B27F2A719A5800B7D5EF /* AlbumViewController.swift in Sources */ = {isa = PBXBuildFile; fileRef = 06D7B27E2A719A5800B7D5EF /* AlbumViewController.swift */; };
		06D7B2812A719A6400B7D5EF /* AlbumViewModel.swift in Sources */ = {isa = PBXBuildFile; fileRef = 06D7B2802A719A6400B7D5EF /* AlbumViewModel.swift */; };
		06D7B2832A719BAC00B7D5EF /* AlbumRouter.swift in Sources */ = {isa = PBXBuildFile; fileRef = 06D7B2822A719BAC00B7D5EF /* AlbumRouter.swift */; };
		06EE95022A4F2D1200E2AA1B /* TabBarController.swift in Sources */ = {isa = PBXBuildFile; fileRef = 06EE95012A4F2D1200E2AA1B /* TabBarController.swift */; };
		171A991B6850954ACDD53E6A /* Pods_miniMusicApp_miniMusicAppUITests.framework in Frameworks */ = {isa = PBXBuildFile; fileRef = 2ABABF9885AEEAE82DBD02C6 /* Pods_miniMusicApp_miniMusicAppUITests.framework */; };
		38223A3ECBCB9211C3C341B0 /* Pods_miniMusicApp.framework in Frameworks */ = {isa = PBXBuildFile; fileRef = 46988D735EA420B56C117FFA /* Pods_miniMusicApp.framework */; };
		F1DD7909E7443BD26DB9D674 /* Pods_miniMusicAppTests.framework in Frameworks */ = {isa = PBXBuildFile; fileRef = 5252809406C8E218357D1994 /* Pods_miniMusicAppTests.framework */; };
/* End PBXBuildFile section */

/* Begin PBXContainerItemProxy section */
		0656E0802A4B34CC00288E00 /* PBXContainerItemProxy */ = {
			isa = PBXContainerItemProxy;
			containerPortal = 0656E0612A4B34CA00288E00 /* Project object */;
			proxyType = 1;
			remoteGlobalIDString = 0656E0682A4B34CA00288E00;
			remoteInfo = miniMusicApp;
		};
		0656E08A2A4B34CC00288E00 /* PBXContainerItemProxy */ = {
			isa = PBXContainerItemProxy;
			containerPortal = 0656E0612A4B34CA00288E00 /* Project object */;
			proxyType = 1;
			remoteGlobalIDString = 0656E0682A4B34CA00288E00;
			remoteInfo = miniMusicApp;
		};
/* End PBXContainerItemProxy section */

/* Begin PBXCopyFilesBuildPhase section */
		0656E0E12A4B76DF00288E00 /* Embed Frameworks */ = {
			isa = PBXCopyFilesBuildPhase;
			buildActionMask = 2147483647;
			dstPath = "";
			dstSubfolderSpec = 10;
			files = (
				0656E0E02A4B76DE00288E00 /* UIComponents.framework in Embed Frameworks */,
				063EB20D2A4F6DEE00975C79 /* DataProvider.framework in Embed Frameworks */,
			);
			name = "Embed Frameworks";
			runOnlyForDeploymentPostprocessing = 0;
		};
/* End PBXCopyFilesBuildPhase section */

/* Begin PBXFileReference section */
		063EB20B2A4F6DEE00975C79 /* DataProvider.framework */ = {isa = PBXFileReference; explicitFileType = wrapper.framework; path = DataProvider.framework; sourceTree = BUILT_PRODUCTS_DIR; };
		06480B102A5485B2000FE06A /* ArtistsViewModel.swift */ = {isa = PBXFileReference; lastKnownFileType = sourcecode.swift; path = ArtistsViewModel.swift; sourceTree = "<group>"; };
		06480B122A548633000FE06A /* ArtistsViewController.swift */ = {isa = PBXFileReference; lastKnownFileType = sourcecode.swift; path = ArtistsViewController.swift; sourceTree = "<group>"; };
		06480B142A548677000FE06A /* ArtistRouter.swift */ = {isa = PBXFileReference; lastKnownFileType = sourcecode.swift; path = ArtistRouter.swift; sourceTree = "<group>"; };
		0656E0692A4B34CA00288E00 /* miniMusicApp.app */ = {isa = PBXFileReference; explicitFileType = wrapper.application; includeInIndex = 0; path = miniMusicApp.app; sourceTree = BUILT_PRODUCTS_DIR; };
		0656E06C2A4B34CA00288E00 /* AppDelegate.swift */ = {isa = PBXFileReference; lastKnownFileType = sourcecode.swift; path = AppDelegate.swift; sourceTree = "<group>"; };
		0656E0752A4B34CC00288E00 /* Assets.xcassets */ = {isa = PBXFileReference; lastKnownFileType = folder.assetcatalog; path = Assets.xcassets; sourceTree = "<group>"; };
		0656E0782A4B34CC00288E00 /* Base */ = {isa = PBXFileReference; lastKnownFileType = file.storyboard; name = Base; path = Base.lproj/LaunchScreen.storyboard; sourceTree = "<group>"; };
		0656E07A2A4B34CC00288E00 /* Info.plist */ = {isa = PBXFileReference; lastKnownFileType = text.plist.xml; path = Info.plist; sourceTree = "<group>"; };
		0656E07F2A4B34CC00288E00 /* miniMusicAppTests.xctest */ = {isa = PBXFileReference; explicitFileType = wrapper.cfbundle; includeInIndex = 0; path = miniMusicAppTests.xctest; sourceTree = BUILT_PRODUCTS_DIR; };
		0656E0832A4B34CC00288E00 /* miniMusicAppTests.swift */ = {isa = PBXFileReference; lastKnownFileType = sourcecode.swift; path = miniMusicAppTests.swift; sourceTree = "<group>"; };
		0656E0892A4B34CC00288E00 /* miniMusicAppUITests.xctest */ = {isa = PBXFileReference; explicitFileType = wrapper.cfbundle; includeInIndex = 0; path = miniMusicAppUITests.xctest; sourceTree = BUILT_PRODUCTS_DIR; };
		0656E08D2A4B34CC00288E00 /* miniMusicAppUITests.swift */ = {isa = PBXFileReference; lastKnownFileType = sourcecode.swift; path = miniMusicAppUITests.swift; sourceTree = "<group>"; };
		0656E08F2A4B34CC00288E00 /* miniMusicAppUITestsLaunchTests.swift */ = {isa = PBXFileReference; lastKnownFileType = sourcecode.swift; path = miniMusicAppUITestsLaunchTests.swift; sourceTree = "<group>"; };
		0656E09D2A4B570A00288E00 /* AppContainer.swift */ = {isa = PBXFileReference; lastKnownFileType = sourcecode.swift; path = AppContainer.swift; sourceTree = "<group>"; };
		0656E09F2A4B571700288E00 /* AppRouter.swift */ = {isa = PBXFileReference; lastKnownFileType = sourcecode.swift; path = AppRouter.swift; sourceTree = "<group>"; };
		0656E0A52A4B678200288E00 /* BaseViewModel.swift */ = {isa = PBXFileReference; lastKnownFileType = sourcecode.swift; path = BaseViewModel.swift; sourceTree = "<group>"; };
		0656E0A82A4B67D800288E00 /* Closures.swift */ = {isa = PBXFileReference; lastKnownFileType = sourcecode.swift; path = Closures.swift; sourceTree = "<group>"; };
		0656E0AA2A4B680D00288E00 /* BaseViewController.swift */ = {isa = PBXFileReference; lastKnownFileType = sourcecode.swift; path = BaseViewController.swift; sourceTree = "<group>"; };
		0656E0AD2A4B6BE700288E00 /* SplashViewModel.swift */ = {isa = PBXFileReference; lastKnownFileType = sourcecode.swift; path = SplashViewModel.swift; sourceTree = "<group>"; };
		0656E0AF2A4B6BF300288E00 /* SplashViewController.swift */ = {isa = PBXFileReference; lastKnownFileType = sourcecode.swift; path = SplashViewController.swift; sourceTree = "<group>"; };
		0656E0B12A4B6D9000288E00 /* SplashRouter.swift */ = {isa = PBXFileReference; lastKnownFileType = sourcecode.swift; path = SplashRouter.swift; sourceTree = "<group>"; };
		0656E0B42A4B728100288E00 /* CategoriesViewModel.swift */ = {isa = PBXFileReference; lastKnownFileType = sourcecode.swift; path = CategoriesViewModel.swift; sourceTree = "<group>"; };
		0656E0B62A4B731000288E00 /* CategoriesViewController.swift */ = {isa = PBXFileReference; lastKnownFileType = sourcecode.swift; path = CategoriesViewController.swift; sourceTree = "<group>"; };
		0656E0B82A4B73DD00288E00 /* CategoriesRouter.swift */ = {isa = PBXFileReference; lastKnownFileType = sourcecode.swift; path = CategoriesRouter.swift; sourceTree = "<group>"; };
		0656E0DE2A4B76DE00288E00 /* UIComponents.framework */ = {isa = PBXFileReference; explicitFileType = wrapper.framework; path = UIComponents.framework; sourceTree = BUILT_PRODUCTS_DIR; };
		0656E0E82A4CBA1F00288E00 /* splash.json */ = {isa = PBXFileReference; fileEncoding = 4; lastKnownFileType = text.json; path = splash.json; sourceTree = "<group>"; };
		0656E0EA2A4CC61800288E00 /* loading.json */ = {isa = PBXFileReference; fileEncoding = 4; lastKnownFileType = text.json; path = loading.json; sourceTree = "<group>"; };
		065DDD082A4DCC9600C861AA /* FavoritesViewController.swift */ = {isa = PBXFileReference; lastKnownFileType = sourcecode.swift; path = FavoritesViewController.swift; sourceTree = "<group>"; };
		065DDD0A2A4DCCA100C861AA /* FavoritesViewModel.swift */ = {isa = PBXFileReference; lastKnownFileType = sourcecode.swift; path = FavoritesViewModel.swift; sourceTree = "<group>"; };
		065DDD0C2A4DCCAB00C861AA /* FavoritesRouter.swift */ = {isa = PBXFileReference; lastKnownFileType = sourcecode.swift; path = FavoritesRouter.swift; sourceTree = "<group>"; };
		06666AA72A59F8E900E3DFE5 /* ArtistDetailViewModel.swift */ = {isa = PBXFileReference; lastKnownFileType = sourcecode.swift; path = ArtistDetailViewModel.swift; sourceTree = "<group>"; };
		06666AA92A59F8F400E3DFE5 /* ArtistDetailViewController.swift */ = {isa = PBXFileReference; lastKnownFileType = sourcecode.swift; path = ArtistDetailViewController.swift; sourceTree = "<group>"; };
		06666AAB2A59F90F00E3DFE5 /* ArtistDetailRouter.swift */ = {isa = PBXFileReference; lastKnownFileType = sourcecode.swift; path = ArtistDetailRouter.swift; sourceTree = "<group>"; };
		06D7B27E2A719A5800B7D5EF /* AlbumViewController.swift */ = {isa = PBXFileReference; lastKnownFileType = sourcecode.swift; path = AlbumViewController.swift; sourceTree = "<group>"; };
		06D7B2802A719A6400B7D5EF /* AlbumViewModel.swift */ = {isa = PBXFileReference; lastKnownFileType = sourcecode.swift; path = AlbumViewModel.swift; sourceTree = "<group>"; };
		06D7B2822A719BAC00B7D5EF /* AlbumRouter.swift */ = {isa = PBXFileReference; lastKnownFileType = sourcecode.swift; path = AlbumRouter.swift; sourceTree = "<group>"; };
		06EE95012A4F2D1200E2AA1B /* TabBarController.swift */ = {isa = PBXFileReference; lastKnownFileType = sourcecode.swift; path = TabBarController.swift; sourceTree = "<group>"; };
		1A551765E5E2129D39202D78 /* Pods-miniMusicApp-miniMusicAppUITests.debug.xcconfig */ = {isa = PBXFileReference; includeInIndex = 1; lastKnownFileType = text.xcconfig; name = "Pods-miniMusicApp-miniMusicAppUITests.debug.xcconfig"; path = "Target Support Files/Pods-miniMusicApp-miniMusicAppUITests/Pods-miniMusicApp-miniMusicAppUITests.debug.xcconfig"; sourceTree = "<group>"; };
		2ABABF9885AEEAE82DBD02C6 /* Pods_miniMusicApp_miniMusicAppUITests.framework */ = {isa = PBXFileReference; explicitFileType = wrapper.framework; includeInIndex = 0; path = Pods_miniMusicApp_miniMusicAppUITests.framework; sourceTree = BUILT_PRODUCTS_DIR; };
		359BF2EB4E2A4EDFEAE95C7E /* Pods-miniMusicApp.release.xcconfig */ = {isa = PBXFileReference; includeInIndex = 1; lastKnownFileType = text.xcconfig; name = "Pods-miniMusicApp.release.xcconfig"; path = "Target Support Files/Pods-miniMusicApp/Pods-miniMusicApp.release.xcconfig"; sourceTree = "<group>"; };
		46988D735EA420B56C117FFA /* Pods_miniMusicApp.framework */ = {isa = PBXFileReference; explicitFileType = wrapper.framework; includeInIndex = 0; path = Pods_miniMusicApp.framework; sourceTree = BUILT_PRODUCTS_DIR; };
		5252809406C8E218357D1994 /* Pods_miniMusicAppTests.framework */ = {isa = PBXFileReference; explicitFileType = wrapper.framework; includeInIndex = 0; path = Pods_miniMusicAppTests.framework; sourceTree = BUILT_PRODUCTS_DIR; };
		5D8941353AC1B4D4ACFC6925 /* Pods-miniMusicApp-miniMusicAppUITests.release.xcconfig */ = {isa = PBXFileReference; includeInIndex = 1; lastKnownFileType = text.xcconfig; name = "Pods-miniMusicApp-miniMusicAppUITests.release.xcconfig"; path = "Target Support Files/Pods-miniMusicApp-miniMusicAppUITests/Pods-miniMusicApp-miniMusicAppUITests.release.xcconfig"; sourceTree = "<group>"; };
		638229E15DF9F8527F9B653C /* Pods-miniMusicApp.debug.xcconfig */ = {isa = PBXFileReference; includeInIndex = 1; lastKnownFileType = text.xcconfig; name = "Pods-miniMusicApp.debug.xcconfig"; path = "Target Support Files/Pods-miniMusicApp/Pods-miniMusicApp.debug.xcconfig"; sourceTree = "<group>"; };
		BEDEF38D9382A27019A2406A /* Pods-miniMusicAppTests.release.xcconfig */ = {isa = PBXFileReference; includeInIndex = 1; lastKnownFileType = text.xcconfig; name = "Pods-miniMusicAppTests.release.xcconfig"; path = "Target Support Files/Pods-miniMusicAppTests/Pods-miniMusicAppTests.release.xcconfig"; sourceTree = "<group>"; };
		E604FD2E237F61DF70C4EF00 /* Pods-miniMusicAppTests.debug.xcconfig */ = {isa = PBXFileReference; includeInIndex = 1; lastKnownFileType = text.xcconfig; name = "Pods-miniMusicAppTests.debug.xcconfig"; path = "Target Support Files/Pods-miniMusicAppTests/Pods-miniMusicAppTests.debug.xcconfig"; sourceTree = "<group>"; };
/* End PBXFileReference section */

/* Begin PBXFrameworksBuildPhase section */
		0656E0662A4B34CA00288E00 /* Frameworks */ = {
			isa = PBXFrameworksBuildPhase;
			buildActionMask = 2147483647;
			files = (
				063EB20C2A4F6DEE00975C79 /* DataProvider.framework in Frameworks */,
				0656E0DF2A4B76DE00288E00 /* UIComponents.framework in Frameworks */,
				38223A3ECBCB9211C3C341B0 /* Pods_miniMusicApp.framework in Frameworks */,
			);
			runOnlyForDeploymentPostprocessing = 0;
		};
		0656E07C2A4B34CC00288E00 /* Frameworks */ = {
			isa = PBXFrameworksBuildPhase;
			buildActionMask = 2147483647;
			files = (
				F1DD7909E7443BD26DB9D674 /* Pods_miniMusicAppTests.framework in Frameworks */,
			);
			runOnlyForDeploymentPostprocessing = 0;
		};
		0656E0862A4B34CC00288E00 /* Frameworks */ = {
			isa = PBXFrameworksBuildPhase;
			buildActionMask = 2147483647;
			files = (
				171A991B6850954ACDD53E6A /* Pods_miniMusicApp_miniMusicAppUITests.framework in Frameworks */,
			);
			runOnlyForDeploymentPostprocessing = 0;
		};
/* End PBXFrameworksBuildPhase section */

/* Begin PBXGroup section */
		06480B0F2A54859B000FE06A /* Artists */ = {
			isa = PBXGroup;
			children = (
				06480B102A5485B2000FE06A /* ArtistsViewModel.swift */,
				06480B122A548633000FE06A /* ArtistsViewController.swift */,
				06480B142A548677000FE06A /* ArtistRouter.swift */,
			);
			path = Artists;
			sourceTree = "<group>";
		};
		0656E0602A4B34CA00288E00 = {
			isa = PBXGroup;
			children = (
				0656E06B2A4B34CA00288E00 /* miniMusicApp */,
				0656E0822A4B34CC00288E00 /* miniMusicAppTests */,
				0656E08C2A4B34CC00288E00 /* miniMusicAppUITests */,
				0656E06A2A4B34CA00288E00 /* Products */,
				EBC2925CD7523F09E5048B68 /* Pods */,
				AFAF1B5933B4AE8518CCBE82 /* Frameworks */,
			);
			sourceTree = "<group>";
		};
		0656E06A2A4B34CA00288E00 /* Products */ = {
			isa = PBXGroup;
			children = (
				0656E0692A4B34CA00288E00 /* miniMusicApp.app */,
				0656E07F2A4B34CC00288E00 /* miniMusicAppTests.xctest */,
				0656E0892A4B34CC00288E00 /* miniMusicAppUITests.xctest */,
			);
			name = Products;
			sourceTree = "<group>";
		};
		0656E06B2A4B34CA00288E00 /* miniMusicApp */ = {
			isa = PBXGroup;
			children = (
				0656E0E52A4CB9F100288E00 /* Resources */,
				0656E0A72A4B67C600288E00 /* Constants */,
				0656E0A32A4B676B00288E00 /* Scenes */,
				0656E09C2A4B56F000288E00 /* App */,
				0656E06C2A4B34CA00288E00 /* AppDelegate.swift */,
				0656E0752A4B34CC00288E00 /* Assets.xcassets */,
				0656E0772A4B34CC00288E00 /* LaunchScreen.storyboard */,
				0656E07A2A4B34CC00288E00 /* Info.plist */,
			);
			path = miniMusicApp;
			sourceTree = "<group>";
		};
		0656E0822A4B34CC00288E00 /* miniMusicAppTests */ = {
			isa = PBXGroup;
			children = (
				0656E0832A4B34CC00288E00 /* miniMusicAppTests.swift */,
			);
			path = miniMusicAppTests;
			sourceTree = "<group>";
		};
		0656E08C2A4B34CC00288E00 /* miniMusicAppUITests */ = {
			isa = PBXGroup;
			children = (
				0656E08D2A4B34CC00288E00 /* miniMusicAppUITests.swift */,
				0656E08F2A4B34CC00288E00 /* miniMusicAppUITestsLaunchTests.swift */,
			);
			path = miniMusicAppUITests;
			sourceTree = "<group>";
		};
		0656E09C2A4B56F000288E00 /* App */ = {
			isa = PBXGroup;
			children = (
				0656E09D2A4B570A00288E00 /* AppContainer.swift */,
				0656E09F2A4B571700288E00 /* AppRouter.swift */,
			);
			path = App;
			sourceTree = "<group>";
		};
		0656E0A32A4B676B00288E00 /* Scenes */ = {
			isa = PBXGroup;
			children = (
				06D7B27D2A719A3700B7D5EF /* Album */,
				06666AA62A59F8D600E3DFE5 /* ArtistDetail */,
				06480B0F2A54859B000FE06A /* Artists */,
				065DDD072A4DCC6D00C861AA /* Favorites */,
				0656E0B32A4B6DC100288E00 /* Categories */,
				0656E0AC2A4B6AB700288E00 /* Splash */,
				0656E0A42A4B677300288E00 /* Base */,
				06EE95012A4F2D1200E2AA1B /* TabBarController.swift */,
			);
			path = Scenes;
			sourceTree = "<group>";
		};
		0656E0A42A4B677300288E00 /* Base */ = {
			isa = PBXGroup;
			children = (
				0656E0A52A4B678200288E00 /* BaseViewModel.swift */,
				0656E0AA2A4B680D00288E00 /* BaseViewController.swift */,
			);
			path = Base;
			sourceTree = "<group>";
		};
		0656E0A72A4B67C600288E00 /* Constants */ = {
			isa = PBXGroup;
			children = (
				0656E0A82A4B67D800288E00 /* Closures.swift */,
			);
			path = Constants;
			sourceTree = "<group>";
		};
		0656E0AC2A4B6AB700288E00 /* Splash */ = {
			isa = PBXGroup;
			children = (
				0656E0AD2A4B6BE700288E00 /* SplashViewModel.swift */,
				0656E0AF2A4B6BF300288E00 /* SplashViewController.swift */,
				0656E0B12A4B6D9000288E00 /* SplashRouter.swift */,
			);
			path = Splash;
			sourceTree = "<group>";
		};
		0656E0B32A4B6DC100288E00 /* Categories */ = {
			isa = PBXGroup;
			children = (
				0656E0B42A4B728100288E00 /* CategoriesViewModel.swift */,
				0656E0B62A4B731000288E00 /* CategoriesViewController.swift */,
				0656E0B82A4B73DD00288E00 /* CategoriesRouter.swift */,
			);
			path = Categories;
			sourceTree = "<group>";
		};
		0656E0E52A4CB9F100288E00 /* Resources */ = {
			isa = PBXGroup;
			children = (
				0656E0E82A4CBA1F00288E00 /* splash.json */,
				0656E0EA2A4CC61800288E00 /* loading.json */,
			);
			path = Resources;
			sourceTree = "<group>";
		};
		065DDD072A4DCC6D00C861AA /* Favorites */ = {
			isa = PBXGroup;
			children = (
				065DDD082A4DCC9600C861AA /* FavoritesViewController.swift */,
				065DDD0A2A4DCCA100C861AA /* FavoritesViewModel.swift */,
				065DDD0C2A4DCCAB00C861AA /* FavoritesRouter.swift */,
			);
			path = Favorites;
			sourceTree = "<group>";
		};
		06666AA62A59F8D600E3DFE5 /* ArtistDetail */ = {
			isa = PBXGroup;
			children = (
				06666AA72A59F8E900E3DFE5 /* ArtistDetailViewModel.swift */,
				06666AA92A59F8F400E3DFE5 /* ArtistDetailViewController.swift */,
				06666AAB2A59F90F00E3DFE5 /* ArtistDetailRouter.swift */,
			);
			path = ArtistDetail;
			sourceTree = "<group>";
		};
		06D7B27D2A719A3700B7D5EF /* Album */ = {
			isa = PBXGroup;
			children = (
				06D7B27E2A719A5800B7D5EF /* AlbumViewController.swift */,
				06D7B2802A719A6400B7D5EF /* AlbumViewModel.swift */,
				06D7B2822A719BAC00B7D5EF /* AlbumRouter.swift */,
			);
			path = Album;
			sourceTree = "<group>";
		};
		AFAF1B5933B4AE8518CCBE82 /* Frameworks */ = {
			isa = PBXGroup;
			children = (
				063EB20B2A4F6DEE00975C79 /* DataProvider.framework */,
				0656E0DE2A4B76DE00288E00 /* UIComponents.framework */,
				46988D735EA420B56C117FFA /* Pods_miniMusicApp.framework */,
				2ABABF9885AEEAE82DBD02C6 /* Pods_miniMusicApp_miniMusicAppUITests.framework */,
				5252809406C8E218357D1994 /* Pods_miniMusicAppTests.framework */,
			);
			name = Frameworks;
			sourceTree = "<group>";
		};
		EBC2925CD7523F09E5048B68 /* Pods */ = {
			isa = PBXGroup;
			children = (
				638229E15DF9F8527F9B653C /* Pods-miniMusicApp.debug.xcconfig */,
				359BF2EB4E2A4EDFEAE95C7E /* Pods-miniMusicApp.release.xcconfig */,
				1A551765E5E2129D39202D78 /* Pods-miniMusicApp-miniMusicAppUITests.debug.xcconfig */,
				5D8941353AC1B4D4ACFC6925 /* Pods-miniMusicApp-miniMusicAppUITests.release.xcconfig */,
				E604FD2E237F61DF70C4EF00 /* Pods-miniMusicAppTests.debug.xcconfig */,
				BEDEF38D9382A27019A2406A /* Pods-miniMusicAppTests.release.xcconfig */,
			);
			path = Pods;
			sourceTree = "<group>";
		};
/* End PBXGroup section */

/* Begin PBXNativeTarget section */
		0656E0682A4B34CA00288E00 /* miniMusicApp */ = {
			isa = PBXNativeTarget;
			buildConfigurationList = 0656E0932A4B34CC00288E00 /* Build configuration list for PBXNativeTarget "miniMusicApp" */;
			buildPhases = (
				6AE4A1233FFEBB90681815C1 /* [CP] Check Pods Manifest.lock */,
				0656E0652A4B34CA00288E00 /* Sources */,
				0656E0662A4B34CA00288E00 /* Frameworks */,
				0656E0672A4B34CA00288E00 /* Resources */,
				2127B3AA7CE0B323DA571289 /* [CP] Embed Pods Frameworks */,
				0656E0E12A4B76DF00288E00 /* Embed Frameworks */,
			);
			buildRules = (
			);
			dependencies = (
			);
			name = miniMusicApp;
			productName = miniMusicApp;
			productReference = 0656E0692A4B34CA00288E00 /* miniMusicApp.app */;
			productType = "com.apple.product-type.application";
		};
		0656E07E2A4B34CC00288E00 /* miniMusicAppTests */ = {
			isa = PBXNativeTarget;
			buildConfigurationList = 0656E0962A4B34CC00288E00 /* Build configuration list for PBXNativeTarget "miniMusicAppTests" */;
			buildPhases = (
				40A51A1F88FFECD3BD24C8B8 /* [CP] Check Pods Manifest.lock */,
				0656E07B2A4B34CC00288E00 /* Sources */,
				0656E07C2A4B34CC00288E00 /* Frameworks */,
				0656E07D2A4B34CC00288E00 /* Resources */,
			);
			buildRules = (
			);
			dependencies = (
				0656E0812A4B34CC00288E00 /* PBXTargetDependency */,
			);
			name = miniMusicAppTests;
			productName = miniMusicAppTests;
			productReference = 0656E07F2A4B34CC00288E00 /* miniMusicAppTests.xctest */;
			productType = "com.apple.product-type.bundle.unit-test";
		};
		0656E0882A4B34CC00288E00 /* miniMusicAppUITests */ = {
			isa = PBXNativeTarget;
			buildConfigurationList = 0656E0992A4B34CC00288E00 /* Build configuration list for PBXNativeTarget "miniMusicAppUITests" */;
			buildPhases = (
				5FE61DD3F201096F59F8BC6F /* [CP] Check Pods Manifest.lock */,
				0656E0852A4B34CC00288E00 /* Sources */,
				0656E0862A4B34CC00288E00 /* Frameworks */,
				0656E0872A4B34CC00288E00 /* Resources */,
				2AEA757B53550F473E38EC58 /* [CP] Embed Pods Frameworks */,
			);
			buildRules = (
			);
			dependencies = (
				0656E08B2A4B34CC00288E00 /* PBXTargetDependency */,
			);
			name = miniMusicAppUITests;
			productName = miniMusicAppUITests;
			productReference = 0656E0892A4B34CC00288E00 /* miniMusicAppUITests.xctest */;
			productType = "com.apple.product-type.bundle.ui-testing";
		};
/* End PBXNativeTarget section */

/* Begin PBXProject section */
		0656E0612A4B34CA00288E00 /* Project object */ = {
			isa = PBXProject;
			attributes = {
				BuildIndependentTargetsInParallel = 1;
				LastSwiftUpdateCheck = 1420;
				LastUpgradeCheck = 1420;
				TargetAttributes = {
					0656E0682A4B34CA00288E00 = {
						CreatedOnToolsVersion = 14.2;
					};
					0656E07E2A4B34CC00288E00 = {
						CreatedOnToolsVersion = 14.2;
						TestTargetID = 0656E0682A4B34CA00288E00;
					};
					0656E0882A4B34CC00288E00 = {
						CreatedOnToolsVersion = 14.2;
						TestTargetID = 0656E0682A4B34CA00288E00;
					};
				};
			};
			buildConfigurationList = 0656E0642A4B34CA00288E00 /* Build configuration list for PBXProject "miniMusicApp" */;
			compatibilityVersion = "Xcode 14.0";
			developmentRegion = en;
			hasScannedForEncodings = 0;
			knownRegions = (
				en,
				Base,
			);
			mainGroup = 0656E0602A4B34CA00288E00;
			productRefGroup = 0656E06A2A4B34CA00288E00 /* Products */;
			projectDirPath = "";
			projectRoot = "";
			targets = (
				0656E0682A4B34CA00288E00 /* miniMusicApp */,
				0656E07E2A4B34CC00288E00 /* miniMusicAppTests */,
				0656E0882A4B34CC00288E00 /* miniMusicAppUITests */,
			);
		};
/* End PBXProject section */

/* Begin PBXResourcesBuildPhase section */
		0656E0672A4B34CA00288E00 /* Resources */ = {
			isa = PBXResourcesBuildPhase;
			buildActionMask = 2147483647;
			files = (
				0656E0E92A4CBA1F00288E00 /* splash.json in Resources */,
				0656E0792A4B34CC00288E00 /* LaunchScreen.storyboard in Resources */,
				0656E0EB2A4CC61800288E00 /* loading.json in Resources */,
				0656E0762A4B34CC00288E00 /* Assets.xcassets in Resources */,
			);
			runOnlyForDeploymentPostprocessing = 0;
		};
		0656E07D2A4B34CC00288E00 /* Resources */ = {
			isa = PBXResourcesBuildPhase;
			buildActionMask = 2147483647;
			files = (
			);
			runOnlyForDeploymentPostprocessing = 0;
		};
		0656E0872A4B34CC00288E00 /* Resources */ = {
			isa = PBXResourcesBuildPhase;
			buildActionMask = 2147483647;
			files = (
			);
			runOnlyForDeploymentPostprocessing = 0;
		};
/* End PBXResourcesBuildPhase section */

/* Begin PBXShellScriptBuildPhase section */
		2127B3AA7CE0B323DA571289 /* [CP] Embed Pods Frameworks */ = {
			isa = PBXShellScriptBuildPhase;
			buildActionMask = 2147483647;
			files = (
			);
			inputFileListPaths = (
				"${PODS_ROOT}/Target Support Files/Pods-miniMusicApp/Pods-miniMusicApp-frameworks-${CONFIGURATION}-input-files.xcfilelist",
			);
			name = "[CP] Embed Pods Frameworks";
			outputFileListPaths = (
				"${PODS_ROOT}/Target Support Files/Pods-miniMusicApp/Pods-miniMusicApp-frameworks-${CONFIGURATION}-output-files.xcfilelist",
			);
			runOnlyForDeploymentPostprocessing = 0;
			shellPath = /bin/sh;
			shellScript = "\"${PODS_ROOT}/Target Support Files/Pods-miniMusicApp/Pods-miniMusicApp-frameworks.sh\"\n";
			showEnvVarsInLog = 0;
		};
		2AEA757B53550F473E38EC58 /* [CP] Embed Pods Frameworks */ = {
			isa = PBXShellScriptBuildPhase;
			buildActionMask = 2147483647;
			files = (
			);
			inputFileListPaths = (
				"${PODS_ROOT}/Target Support Files/Pods-miniMusicApp-miniMusicAppUITests/Pods-miniMusicApp-miniMusicAppUITests-frameworks-${CONFIGURATION}-input-files.xcfilelist",
			);
			name = "[CP] Embed Pods Frameworks";
			outputFileListPaths = (
				"${PODS_ROOT}/Target Support Files/Pods-miniMusicApp-miniMusicAppUITests/Pods-miniMusicApp-miniMusicAppUITests-frameworks-${CONFIGURATION}-output-files.xcfilelist",
			);
			runOnlyForDeploymentPostprocessing = 0;
			shellPath = /bin/sh;
			shellScript = "\"${PODS_ROOT}/Target Support Files/Pods-miniMusicApp-miniMusicAppUITests/Pods-miniMusicApp-miniMusicAppUITests-frameworks.sh\"\n";
			showEnvVarsInLog = 0;
		};
		40A51A1F88FFECD3BD24C8B8 /* [CP] Check Pods Manifest.lock */ = {
			isa = PBXShellScriptBuildPhase;
			buildActionMask = 2147483647;
			files = (
			);
			inputFileListPaths = (
			);
			inputPaths = (
				"${PODS_PODFILE_DIR_PATH}/Podfile.lock",
				"${PODS_ROOT}/Manifest.lock",
			);
			name = "[CP] Check Pods Manifest.lock";
			outputFileListPaths = (
			);
			outputPaths = (
				"$(DERIVED_FILE_DIR)/Pods-miniMusicAppTests-checkManifestLockResult.txt",
			);
			runOnlyForDeploymentPostprocessing = 0;
			shellPath = /bin/sh;
			shellScript = "diff \"${PODS_PODFILE_DIR_PATH}/Podfile.lock\" \"${PODS_ROOT}/Manifest.lock\" > /dev/null\nif [ $? != 0 ] ; then\n    # print error to STDERR\n    echo \"error: The sandbox is not in sync with the Podfile.lock. Run 'pod install' or update your CocoaPods installation.\" >&2\n    exit 1\nfi\n# This output is used by Xcode 'outputs' to avoid re-running this script phase.\necho \"SUCCESS\" > \"${SCRIPT_OUTPUT_FILE_0}\"\n";
			showEnvVarsInLog = 0;
		};
		5FE61DD3F201096F59F8BC6F /* [CP] Check Pods Manifest.lock */ = {
			isa = PBXShellScriptBuildPhase;
			buildActionMask = 2147483647;
			files = (
			);
			inputFileListPaths = (
			);
			inputPaths = (
				"${PODS_PODFILE_DIR_PATH}/Podfile.lock",
				"${PODS_ROOT}/Manifest.lock",
			);
			name = "[CP] Check Pods Manifest.lock";
			outputFileListPaths = (
			);
			outputPaths = (
				"$(DERIVED_FILE_DIR)/Pods-miniMusicApp-miniMusicAppUITests-checkManifestLockResult.txt",
			);
			runOnlyForDeploymentPostprocessing = 0;
			shellPath = /bin/sh;
			shellScript = "diff \"${PODS_PODFILE_DIR_PATH}/Podfile.lock\" \"${PODS_ROOT}/Manifest.lock\" > /dev/null\nif [ $? != 0 ] ; then\n    # print error to STDERR\n    echo \"error: The sandbox is not in sync with the Podfile.lock. Run 'pod install' or update your CocoaPods installation.\" >&2\n    exit 1\nfi\n# This output is used by Xcode 'outputs' to avoid re-running this script phase.\necho \"SUCCESS\" > \"${SCRIPT_OUTPUT_FILE_0}\"\n";
			showEnvVarsInLog = 0;
		};
		6AE4A1233FFEBB90681815C1 /* [CP] Check Pods Manifest.lock */ = {
			isa = PBXShellScriptBuildPhase;
			buildActionMask = 2147483647;
			files = (
			);
			inputFileListPaths = (
			);
			inputPaths = (
				"${PODS_PODFILE_DIR_PATH}/Podfile.lock",
				"${PODS_ROOT}/Manifest.lock",
			);
			name = "[CP] Check Pods Manifest.lock";
			outputFileListPaths = (
			);
			outputPaths = (
				"$(DERIVED_FILE_DIR)/Pods-miniMusicApp-checkManifestLockResult.txt",
			);
			runOnlyForDeploymentPostprocessing = 0;
			shellPath = /bin/sh;
			shellScript = "diff \"${PODS_PODFILE_DIR_PATH}/Podfile.lock\" \"${PODS_ROOT}/Manifest.lock\" > /dev/null\nif [ $? != 0 ] ; then\n    # print error to STDERR\n    echo \"error: The sandbox is not in sync with the Podfile.lock. Run 'pod install' or update your CocoaPods installation.\" >&2\n    exit 1\nfi\n# This output is used by Xcode 'outputs' to avoid re-running this script phase.\necho \"SUCCESS\" > \"${SCRIPT_OUTPUT_FILE_0}\"\n";
			showEnvVarsInLog = 0;
		};
/* End PBXShellScriptBuildPhase section */

/* Begin PBXSourcesBuildPhase section */
		0656E0652A4B34CA00288E00 /* Sources */ = {
			isa = PBXSourcesBuildPhase;
			buildActionMask = 2147483647;
			files = (
				065DDD0B2A4DCCA100C861AA /* FavoritesViewModel.swift in Sources */,
				0656E0A62A4B678200288E00 /* BaseViewModel.swift in Sources */,
				065DDD092A4DCC9600C861AA /* FavoritesViewController.swift in Sources */,
				065DDD0D2A4DCCAB00C861AA /* FavoritesRouter.swift in Sources */,
				06666AAA2A59F8F400E3DFE5 /* ArtistDetailViewController.swift in Sources */,
				0656E0B72A4B731000288E00 /* CategoriesViewController.swift in Sources */,
				06480B112A5485B2000FE06A /* ArtistsViewModel.swift in Sources */,
				06EE95022A4F2D1200E2AA1B /* TabBarController.swift in Sources */,
				0656E0B92A4B73DD00288E00 /* CategoriesRouter.swift in Sources */,
				06480B152A548677000FE06A /* ArtistRouter.swift in Sources */,
				0656E09E2A4B570A00288E00 /* AppContainer.swift in Sources */,
				06480B132A548633000FE06A /* ArtistsViewController.swift in Sources */,
				06D7B2812A719A6400B7D5EF /* AlbumViewModel.swift in Sources */,
				0656E0B02A4B6BF300288E00 /* SplashViewController.swift in Sources */,
				06666AA82A59F8E900E3DFE5 /* ArtistDetailViewModel.swift in Sources */,
				0656E06D2A4B34CA00288E00 /* AppDelegate.swift in Sources */,
				0656E0B22A4B6D9000288E00 /* SplashRouter.swift in Sources */,
				06666AAC2A59F90F00E3DFE5 /* ArtistDetailRouter.swift in Sources */,
				0656E0A02A4B571700288E00 /* AppRouter.swift in Sources */,
				06D7B27F2A719A5800B7D5EF /* AlbumViewController.swift in Sources */,
				0656E0AB2A4B680D00288E00 /* BaseViewController.swift in Sources */,
				06D7B2832A719BAC00B7D5EF /* AlbumRouter.swift in Sources */,
				0656E0A92A4B67D800288E00 /* Closures.swift in Sources */,
				0656E0AE2A4B6BE700288E00 /* SplashViewModel.swift in Sources */,
				0656E0B52A4B728100288E00 /* CategoriesViewModel.swift in Sources */,
			);
			runOnlyForDeploymentPostprocessing = 0;
		};
		0656E07B2A4B34CC00288E00 /* Sources */ = {
			isa = PBXSourcesBuildPhase;
			buildActionMask = 2147483647;
			files = (
				0656E0842A4B34CC00288E00 /* miniMusicAppTests.swift in Sources */,
			);
			runOnlyForDeploymentPostprocessing = 0;
		};
		0656E0852A4B34CC00288E00 /* Sources */ = {
			isa = PBXSourcesBuildPhase;
			buildActionMask = 2147483647;
			files = (
				0656E08E2A4B34CC00288E00 /* miniMusicAppUITests.swift in Sources */,
				0656E0902A4B34CC00288E00 /* miniMusicAppUITestsLaunchTests.swift in Sources */,
			);
			runOnlyForDeploymentPostprocessing = 0;
		};
/* End PBXSourcesBuildPhase section */

/* Begin PBXTargetDependency section */
		0656E0812A4B34CC00288E00 /* PBXTargetDependency */ = {
			isa = PBXTargetDependency;
			target = 0656E0682A4B34CA00288E00 /* miniMusicApp */;
			targetProxy = 0656E0802A4B34CC00288E00 /* PBXContainerItemProxy */;
		};
		0656E08B2A4B34CC00288E00 /* PBXTargetDependency */ = {
			isa = PBXTargetDependency;
			target = 0656E0682A4B34CA00288E00 /* miniMusicApp */;
			targetProxy = 0656E08A2A4B34CC00288E00 /* PBXContainerItemProxy */;
		};
/* End PBXTargetDependency section */

/* Begin PBXVariantGroup section */
		0656E0772A4B34CC00288E00 /* LaunchScreen.storyboard */ = {
			isa = PBXVariantGroup;
			children = (
				0656E0782A4B34CC00288E00 /* Base */,
			);
			name = LaunchScreen.storyboard;
			sourceTree = "<group>";
		};
/* End PBXVariantGroup section */

/* Begin XCBuildConfiguration section */
		0656E0912A4B34CC00288E00 /* Debug */ = {
			isa = XCBuildConfiguration;
			buildSettings = {
				ALWAYS_SEARCH_USER_PATHS = NO;
				CLANG_ANALYZER_NONNULL = YES;
				CLANG_ANALYZER_NUMBER_OBJECT_CONVERSION = YES_AGGRESSIVE;
				CLANG_CXX_LANGUAGE_STANDARD = "gnu++20";
				CLANG_ENABLE_MODULES = YES;
				CLANG_ENABLE_OBJC_ARC = YES;
				CLANG_ENABLE_OBJC_WEAK = YES;
				CLANG_WARN_BLOCK_CAPTURE_AUTORELEASING = YES;
				CLANG_WARN_BOOL_CONVERSION = YES;
				CLANG_WARN_COMMA = YES;
				CLANG_WARN_CONSTANT_CONVERSION = YES;
				CLANG_WARN_DEPRECATED_OBJC_IMPLEMENTATIONS = YES;
				CLANG_WARN_DIRECT_OBJC_ISA_USAGE = YES_ERROR;
				CLANG_WARN_DOCUMENTATION_COMMENTS = YES;
				CLANG_WARN_EMPTY_BODY = YES;
				CLANG_WARN_ENUM_CONVERSION = YES;
				CLANG_WARN_INFINITE_RECURSION = YES;
				CLANG_WARN_INT_CONVERSION = YES;
				CLANG_WARN_NON_LITERAL_NULL_CONVERSION = YES;
				CLANG_WARN_OBJC_IMPLICIT_RETAIN_SELF = YES;
				CLANG_WARN_OBJC_LITERAL_CONVERSION = YES;
				CLANG_WARN_OBJC_ROOT_CLASS = YES_ERROR;
				CLANG_WARN_QUOTED_INCLUDE_IN_FRAMEWORK_HEADER = YES;
				CLANG_WARN_RANGE_LOOP_ANALYSIS = YES;
				CLANG_WARN_STRICT_PROTOTYPES = YES;
				CLANG_WARN_SUSPICIOUS_MOVE = YES;
				CLANG_WARN_UNGUARDED_AVAILABILITY = YES_AGGRESSIVE;
				CLANG_WARN_UNREACHABLE_CODE = YES;
				CLANG_WARN__DUPLICATE_METHOD_MATCH = YES;
				COPY_PHASE_STRIP = NO;
				DEBUG_INFORMATION_FORMAT = dwarf;
				ENABLE_STRICT_OBJC_MSGSEND = YES;
				ENABLE_TESTABILITY = YES;
				GCC_C_LANGUAGE_STANDARD = gnu11;
				GCC_DYNAMIC_NO_PIC = NO;
				GCC_NO_COMMON_BLOCKS = YES;
				GCC_OPTIMIZATION_LEVEL = 0;
				GCC_PREPROCESSOR_DEFINITIONS = (
					"DEBUG=1",
					"$(inherited)",
				);
				GCC_WARN_64_TO_32_BIT_CONVERSION = YES;
				GCC_WARN_ABOUT_RETURN_TYPE = YES_ERROR;
				GCC_WARN_UNDECLARED_SELECTOR = YES;
				GCC_WARN_UNINITIALIZED_AUTOS = YES_AGGRESSIVE;
				GCC_WARN_UNUSED_FUNCTION = YES;
				GCC_WARN_UNUSED_VARIABLE = YES;
				IPHONEOS_DEPLOYMENT_TARGET = 16.2;
				MTL_ENABLE_DEBUG_INFO = INCLUDE_SOURCE;
				MTL_FAST_MATH = YES;
				ONLY_ACTIVE_ARCH = YES;
				SDKROOT = iphoneos;
				SWIFT_ACTIVE_COMPILATION_CONDITIONS = DEBUG;
				SWIFT_OPTIMIZATION_LEVEL = "-Onone";
			};
			name = Debug;
		};
		0656E0922A4B34CC00288E00 /* Release */ = {
			isa = XCBuildConfiguration;
			buildSettings = {
				ALWAYS_SEARCH_USER_PATHS = NO;
				CLANG_ANALYZER_NONNULL = YES;
				CLANG_ANALYZER_NUMBER_OBJECT_CONVERSION = YES_AGGRESSIVE;
				CLANG_CXX_LANGUAGE_STANDARD = "gnu++20";
				CLANG_ENABLE_MODULES = YES;
				CLANG_ENABLE_OBJC_ARC = YES;
				CLANG_ENABLE_OBJC_WEAK = YES;
				CLANG_WARN_BLOCK_CAPTURE_AUTORELEASING = YES;
				CLANG_WARN_BOOL_CONVERSION = YES;
				CLANG_WARN_COMMA = YES;
				CLANG_WARN_CONSTANT_CONVERSION = YES;
				CLANG_WARN_DEPRECATED_OBJC_IMPLEMENTATIONS = YES;
				CLANG_WARN_DIRECT_OBJC_ISA_USAGE = YES_ERROR;
				CLANG_WARN_DOCUMENTATION_COMMENTS = YES;
				CLANG_WARN_EMPTY_BODY = YES;
				CLANG_WARN_ENUM_CONVERSION = YES;
				CLANG_WARN_INFINITE_RECURSION = YES;
				CLANG_WARN_INT_CONVERSION = YES;
				CLANG_WARN_NON_LITERAL_NULL_CONVERSION = YES;
				CLANG_WARN_OBJC_IMPLICIT_RETAIN_SELF = YES;
				CLANG_WARN_OBJC_LITERAL_CONVERSION = YES;
				CLANG_WARN_OBJC_ROOT_CLASS = YES_ERROR;
				CLANG_WARN_QUOTED_INCLUDE_IN_FRAMEWORK_HEADER = YES;
				CLANG_WARN_RANGE_LOOP_ANALYSIS = YES;
				CLANG_WARN_STRICT_PROTOTYPES = YES;
				CLANG_WARN_SUSPICIOUS_MOVE = YES;
				CLANG_WARN_UNGUARDED_AVAILABILITY = YES_AGGRESSIVE;
				CLANG_WARN_UNREACHABLE_CODE = YES;
				CLANG_WARN__DUPLICATE_METHOD_MATCH = YES;
				COPY_PHASE_STRIP = NO;
				DEBUG_INFORMATION_FORMAT = "dwarf-with-dsym";
				ENABLE_NS_ASSERTIONS = NO;
				ENABLE_STRICT_OBJC_MSGSEND = YES;
				GCC_C_LANGUAGE_STANDARD = gnu11;
				GCC_NO_COMMON_BLOCKS = YES;
				GCC_WARN_64_TO_32_BIT_CONVERSION = YES;
				GCC_WARN_ABOUT_RETURN_TYPE = YES_ERROR;
				GCC_WARN_UNDECLARED_SELECTOR = YES;
				GCC_WARN_UNINITIALIZED_AUTOS = YES_AGGRESSIVE;
				GCC_WARN_UNUSED_FUNCTION = YES;
				GCC_WARN_UNUSED_VARIABLE = YES;
				IPHONEOS_DEPLOYMENT_TARGET = 16.2;
				MTL_ENABLE_DEBUG_INFO = NO;
				MTL_FAST_MATH = YES;
				SDKROOT = iphoneos;
				SWIFT_COMPILATION_MODE = wholemodule;
				SWIFT_OPTIMIZATION_LEVEL = "-O";
				VALIDATE_PRODUCT = YES;
			};
			name = Release;
		};
		0656E0942A4B34CC00288E00 /* Debug */ = {
			isa = XCBuildConfiguration;
			baseConfigurationReference = 638229E15DF9F8527F9B653C /* Pods-miniMusicApp.debug.xcconfig */;
			buildSettings = {
				ASSETCATALOG_COMPILER_APPICON_NAME = AppIcon;
				ASSETCATALOG_COMPILER_GLOBAL_ACCENT_COLOR_NAME = AccentColor;
				CODE_SIGN_STYLE = Automatic;
				CURRENT_PROJECT_VERSION = 1;
				GENERATE_INFOPLIST_FILE = YES;
				INFOPLIST_FILE = miniMusicApp/Info.plist;
				INFOPLIST_KEY_UIApplicationSupportsIndirectInputEvents = YES;
				INFOPLIST_KEY_UILaunchStoryboardName = LaunchScreen;
				INFOPLIST_KEY_UISupportedInterfaceOrientations_iPad = "UIInterfaceOrientationPortrait UIInterfaceOrientationPortraitUpsideDown UIInterfaceOrientationLandscapeLeft UIInterfaceOrientationLandscapeRight";
				INFOPLIST_KEY_UISupportedInterfaceOrientations_iPhone = "UIInterfaceOrientationPortrait UIInterfaceOrientationLandscapeLeft UIInterfaceOrientationLandscapeRight";
				LD_RUNPATH_SEARCH_PATHS = (
					"$(inherited)",
					"@executable_path/Frameworks",
				);
				MARKETING_VERSION = 1.0;
				PRODUCT_BUNDLE_IDENTIFIER = miniMusicApp.miniMusicApp;
				PRODUCT_NAME = "$(TARGET_NAME)";
				SWIFT_EMIT_LOC_STRINGS = YES;
				SWIFT_VERSION = 5.0;
				TARGETED_DEVICE_FAMILY = "1,2";
			};
			name = Debug;
		};
		0656E0952A4B34CC00288E00 /* Release */ = {
			isa = XCBuildConfiguration;
			baseConfigurationReference = 359BF2EB4E2A4EDFEAE95C7E /* Pods-miniMusicApp.release.xcconfig */;
			buildSettings = {
				ASSETCATALOG_COMPILER_APPICON_NAME = AppIcon;
				ASSETCATALOG_COMPILER_GLOBAL_ACCENT_COLOR_NAME = AccentColor;
				CODE_SIGN_STYLE = Automatic;
				CURRENT_PROJECT_VERSION = 1;
				GENERATE_INFOPLIST_FILE = YES;
				INFOPLIST_FILE = miniMusicApp/Info.plist;
				INFOPLIST_KEY_UIApplicationSupportsIndirectInputEvents = YES;
				INFOPLIST_KEY_UILaunchStoryboardName = LaunchScreen;
				INFOPLIST_KEY_UISupportedInterfaceOrientations_iPad = "UIInterfaceOrientationPortrait UIInterfaceOrientationPortraitUpsideDown UIInterfaceOrientationLandscapeLeft UIInterfaceOrientationLandscapeRight";
				INFOPLIST_KEY_UISupportedInterfaceOrientations_iPhone = "UIInterfaceOrientationPortrait UIInterfaceOrientationLandscapeLeft UIInterfaceOrientationLandscapeRight";
				LD_RUNPATH_SEARCH_PATHS = (
					"$(inherited)",
					"@executable_path/Frameworks",
				);
				MARKETING_VERSION = 1.0;
				PRODUCT_BUNDLE_IDENTIFIER = miniMusicApp.miniMusicApp;
				PRODUCT_NAME = "$(TARGET_NAME)";
				SWIFT_EMIT_LOC_STRINGS = YES;
				SWIFT_VERSION = 5.0;
				TARGETED_DEVICE_FAMILY = "1,2";
			};
			name = Release;
		};
		0656E0972A4B34CC00288E00 /* Debug */ = {
			isa = XCBuildConfiguration;
			baseConfigurationReference = E604FD2E237F61DF70C4EF00 /* Pods-miniMusicAppTests.debug.xcconfig */;
			buildSettings = {
				ALWAYS_EMBED_SWIFT_STANDARD_LIBRARIES = YES;
				BUNDLE_LOADER = "$(TEST_HOST)";
				CODE_SIGN_STYLE = Automatic;
				CURRENT_PROJECT_VERSION = 1;
				GENERATE_INFOPLIST_FILE = YES;
				IPHONEOS_DEPLOYMENT_TARGET = 16.2;
				MARKETING_VERSION = 1.0;
				PRODUCT_BUNDLE_IDENTIFIER = miniMusicApp.miniMusicAppTests;
				PRODUCT_NAME = "$(TARGET_NAME)";
				SWIFT_EMIT_LOC_STRINGS = NO;
				SWIFT_VERSION = 5.0;
				TARGETED_DEVICE_FAMILY = "1,2";
				TEST_HOST = "$(BUILT_PRODUCTS_DIR)/miniMusicApp.app/$(BUNDLE_EXECUTABLE_FOLDER_PATH)/miniMusicApp";
			};
			name = Debug;
		};
		0656E0982A4B34CC00288E00 /* Release */ = {
			isa = XCBuildConfiguration;
			baseConfigurationReference = BEDEF38D9382A27019A2406A /* Pods-miniMusicAppTests.release.xcconfig */;
			buildSettings = {
				ALWAYS_EMBED_SWIFT_STANDARD_LIBRARIES = YES;
				BUNDLE_LOADER = "$(TEST_HOST)";
				CODE_SIGN_STYLE = Automatic;
				CURRENT_PROJECT_VERSION = 1;
				GENERATE_INFOPLIST_FILE = YES;
				IPHONEOS_DEPLOYMENT_TARGET = 16.2;
				MARKETING_VERSION = 1.0;
				PRODUCT_BUNDLE_IDENTIFIER = miniMusicApp.miniMusicAppTests;
				PRODUCT_NAME = "$(TARGET_NAME)";
				SWIFT_EMIT_LOC_STRINGS = NO;
				SWIFT_VERSION = 5.0;
				TARGETED_DEVICE_FAMILY = "1,2";
				TEST_HOST = "$(BUILT_PRODUCTS_DIR)/miniMusicApp.app/$(BUNDLE_EXECUTABLE_FOLDER_PATH)/miniMusicApp";
			};
			name = Release;
		};
		0656E09A2A4B34CC00288E00 /* Debug */ = {
			isa = XCBuildConfiguration;
			baseConfigurationReference = 1A551765E5E2129D39202D78 /* Pods-miniMusicApp-miniMusicAppUITests.debug.xcconfig */;
			buildSettings = {
				ALWAYS_EMBED_SWIFT_STANDARD_LIBRARIES = YES;
				CODE_SIGN_STYLE = Automatic;
				CURRENT_PROJECT_VERSION = 1;
				GENERATE_INFOPLIST_FILE = YES;
				MARKETING_VERSION = 1.0;
				PRODUCT_BUNDLE_IDENTIFIER = miniMusicApp.miniMusicAppUITests;
				PRODUCT_NAME = "$(TARGET_NAME)";
				SWIFT_EMIT_LOC_STRINGS = NO;
				SWIFT_VERSION = 5.0;
				TARGETED_DEVICE_FAMILY = "1,2";
				TEST_TARGET_NAME = miniMusicApp;
			};
			name = Debug;
		};
		0656E09B2A4B34CC00288E00 /* Release */ = {
			isa = XCBuildConfiguration;
			baseConfigurationReference = 5D8941353AC1B4D4ACFC6925 /* Pods-miniMusicApp-miniMusicAppUITests.release.xcconfig */;
			buildSettings = {
				ALWAYS_EMBED_SWIFT_STANDARD_LIBRARIES = YES;
				CODE_SIGN_STYLE = Automatic;
				CURRENT_PROJECT_VERSION = 1;
				GENERATE_INFOPLIST_FILE = YES;
				MARKETING_VERSION = 1.0;
				PRODUCT_BUNDLE_IDENTIFIER = miniMusicApp.miniMusicAppUITests;
				PRODUCT_NAME = "$(TARGET_NAME)";
				SWIFT_EMIT_LOC_STRINGS = NO;
				SWIFT_VERSION = 5.0;
				TARGETED_DEVICE_FAMILY = "1,2";
				TEST_TARGET_NAME = miniMusicApp;
			};
			name = Release;
		};
/* End XCBuildConfiguration section */

/* Begin XCConfigurationList section */
		0656E0642A4B34CA00288E00 /* Build configuration list for PBXProject "miniMusicApp" */ = {
			isa = XCConfigurationList;
			buildConfigurations = (
				0656E0912A4B34CC00288E00 /* Debug */,
				0656E0922A4B34CC00288E00 /* Release */,
			);
			defaultConfigurationIsVisible = 0;
			defaultConfigurationName = Release;
		};
		0656E0932A4B34CC00288E00 /* Build configuration list for PBXNativeTarget "miniMusicApp" */ = {
			isa = XCConfigurationList;
			buildConfigurations = (
				0656E0942A4B34CC00288E00 /* Debug */,
				0656E0952A4B34CC00288E00 /* Release */,
			);
			defaultConfigurationIsVisible = 0;
			defaultConfigurationName = Release;
		};
		0656E0962A4B34CC00288E00 /* Build configuration list for PBXNativeTarget "miniMusicAppTests" */ = {
			isa = XCConfigurationList;
			buildConfigurations = (
				0656E0972A4B34CC00288E00 /* Debug */,
				0656E0982A4B34CC00288E00 /* Release */,
			);
			defaultConfigurationIsVisible = 0;
			defaultConfigurationName = Release;
		};
		0656E0992A4B34CC00288E00 /* Build configuration list for PBXNativeTarget "miniMusicAppUITests" */ = {
			isa = XCConfigurationList;
			buildConfigurations = (
				0656E09A2A4B34CC00288E00 /* Debug */,
				0656E09B2A4B34CC00288E00 /* Release */,
			);
			defaultConfigurationIsVisible = 0;
			defaultConfigurationName = Release;
		};
/* End XCConfigurationList section */
	};
	rootObject = 0656E0612A4B34CA00288E00 /* Project object */;
}
